
Microsoft Visual Studio Solution File, Format Version 12.00
# Visual Studio Version 16
VisualStudioVersion = 16.0.29306.81
MinimumVisualStudioVersion = 10.0.40219.1
Project("{FAE04EC0-301F-11D3-BF4B-00C04F79EFBC}") = "EchoServer", "EchoServer\EchoServer.csproj", "{D4B15E96-6CDD-4102-AF48-5D06A7A54648}"
EndProject
Global
	GlobalSection(SolutionConfigurationPlatforms) = preSolution
		Debug|Any CPU = Debug|Any CPU
		Release|Any CPU = Release|Any CPU
	EndGlobalSection
	GlobalSection(ProjectConfigurationPlatforms) = postSolution
		{D4B15E96-6CDD-4102-AF48-5D06A7A54648}.Debug|Any CPU.ActiveCfg = Debug|Any CPU
		{D4B15E96-6CDD-4102-AF48-5D06A7A54648}.Debug|Any CPU.Build.0 = Debug|Any CPU
		{D4B15E96-6CDD-4102-AF48-5D06A7A54648}.Release|Any CPU.ActiveCfg = Release|Any CPU
		{D4B15E96-6CDD-4102-AF48-5D06A7A54648}.Release|Any CPU.Build.0 = Release|Any CPU
	EndGlobalSection
	GlobalSection(SolutionProperties) = preSolution
		HideSolutionNode = FALSE
	EndGlobalSection
	GlobalSection(ExtensibilityGlobals) = postSolution
		SolutionGuid = {B11AFFDF-2E40-4488-9DB4-E805C9E5ED88}
	EndGlobalSection
EndGlobal
